
Microsoft Visual Studio Solution File, Format Version 12.00
# Visual Studio 2013
VisualStudioVersion = 12.0.40629.0
MinimumVisualStudioVersion = 10.0.40219.1
Project("{8BC9CEB8-8B4A-11D0-8D11-00A0C91BC942}") = "QuickMosaic", "QuickMosaic\QuickMosaic.vcxproj", "{B12702AD-ABFB-343A-A199-8E24837244A3}"
EndProject
Project("{8BC9CEB8-8B4A-11D0-8D11-00A0C91BC942}") = "PosHandle", "PosHandle\PosHandle.vcxproj", "{7B184A08-D8B0-48E3-9ADA-CBB06432646D}"
EndProject
Project("{8BC9CEB8-8B4A-11D0-8D11-00A0C91BC942}") = "postest", "postest\postest.vcxproj", "{EB84B2B4-2D97-4FD6-8AA7-C2A68B20B087}"
EndProject
Project("{8BC9CEB8-8B4A-11D0-8D11-00A0C91BC942}") = "Features", "Features\Features.vcxproj", "{E7FEAF55-D18E-4A23-B67D-BBB6A7566739}"
EndProject
Project("{8BC9CEB8-8B4A-11D0-8D11-00A0C91BC942}") = "featuresTest", "featuresTest\featuresTest.vcxproj", "{A77BCA3F-DA56-4214-A0B7-88E4ACF097A8}"
EndProject
Global
	GlobalSection(SolutionConfigurationPlatforms) = preSolution
		Debug|Win32 = Debug|Win32
		Debug|x64 = Debug|x64
		Release|Win32 = Release|Win32
		Release|x64 = Release|x64
	EndGlobalSection
	GlobalSection(ProjectConfigurationPlatforms) = postSolution
		{B12702AD-ABFB-343A-A199-8E24837244A3}.Debug|Win32.ActiveCfg = Debug|Win32
		{B12702AD-ABFB-343A-A199-8E24837244A3}.Debug|Win32.Build.0 = Debug|Win32
		{B12702AD-ABFB-343A-A199-8E24837244A3}.Debug|x64.ActiveCfg = Debug|x64
		{B12702AD-ABFB-343A-A199-8E24837244A3}.Debug|x64.Build.0 = Debug|x64
		{B12702AD-ABFB-343A-A199-8E24837244A3}.Release|Win32.ActiveCfg = Release|Win32
		{B12702AD-ABFB-343A-A199-8E24837244A3}.Release|Win32.Build.0 = Release|Win32
		{B12702AD-ABFB-343A-A199-8E24837244A3}.Release|x64.ActiveCfg = Release|x64
		{B12702AD-ABFB-343A-A199-8E24837244A3}.Release|x64.Build.0 = Release|x64
		{7B184A08-D8B0-48E3-9ADA-CBB06432646D}.Debug|Win32.ActiveCfg = Debug|Win32
		{7B184A08-D8B0-48E3-9ADA-CBB06432646D}.Debug|Win32.Build.0 = Debug|Win32
		{7B184A08-D8B0-48E3-9ADA-CBB06432646D}.Debug|x64.ActiveCfg = Debug|x64
		{7B184A08-D8B0-48E3-9ADA-CBB06432646D}.Debug|x64.Build.0 = Debug|x64
		{7B184A08-D8B0-48E3-9ADA-CBB06432646D}.Release|Win32.ActiveCfg = Release|Win32
		{7B184A08-D8B0-48E3-9ADA-CBB06432646D}.Release|Win32.Build.0 = Release|Win32
		{7B184A08-D8B0-48E3-9ADA-CBB06432646D}.Release|x64.ActiveCfg = Release|x64
		{7B184A08-D8B0-48E3-9ADA-CBB06432646D}.Release|x64.Build.0 = Release|x64
		{EB84B2B4-2D97-4FD6-8AA7-C2A68B20B087}.Debug|Win32.ActiveCfg = Debug|Win32
		{EB84B2B4-2D97-4FD6-8AA7-C2A68B20B087}.Debug|Win32.Build.0 = Debug|Win32
		{EB84B2B4-2D97-4FD6-8AA7-C2A68B20B087}.Debug|x64.ActiveCfg = Debug|x64
		{EB84B2B4-2D97-4FD6-8AA7-C2A68B20B087}.Debug|x64.Build.0 = Debug|x64
		{EB84B2B4-2D97-4FD6-8AA7-C2A68B20B087}.Release|Win32.ActiveCfg = Release|Win32
		{EB84B2B4-2D97-4FD6-8AA7-C2A68B20B087}.Release|Win32.Build.0 = Release|Win32
		{EB84B2B4-2D97-4FD6-8AA7-C2A68B20B087}.Release|x64.ActiveCfg = Release|x64
		{EB84B2B4-2D97-4FD6-8AA7-C2A68B20B087}.Release|x64.Build.0 = Release|x64
		{E7FEAF55-D18E-4A23-B67D-BBB6A7566739}.Debug|Win32.ActiveCfg = Debug|Win32
		{E7FEAF55-D18E-4A23-B67D-BBB6A7566739}.Debug|Win32.Build.0 = Debug|Win32
		{E7FEAF55-D18E-4A23-B67D-BBB6A7566739}.Debug|x64.ActiveCfg = Debug|x64
		{E7FEAF55-D18E-4A23-B67D-BBB6A7566739}.Debug|x64.Build.0 = Debug|x64
		{E7FEAF55-D18E-4A23-B67D-BBB6A7566739}.Release|Win32.ActiveCfg = Release|Win32
		{E7FEAF55-D18E-4A23-B67D-BBB6A7566739}.Release|Win32.Build.0 = Release|Win32
		{E7FEAF55-D18E-4A23-B67D-BBB6A7566739}.Release|x64.ActiveCfg = Release|x64
		{E7FEAF55-D18E-4A23-B67D-BBB6A7566739}.Release|x64.Build.0 = Release|x64
		{A77BCA3F-DA56-4214-A0B7-88E4ACF097A8}.Debug|Win32.ActiveCfg = Debug|Win32
		{A77BCA3F-DA56-4214-A0B7-88E4ACF097A8}.Debug|Win32.Build.0 = Debug|Win32
		{A77BCA3F-DA56-4214-A0B7-88E4ACF097A8}.Debug|x64.ActiveCfg = Debug|x64
		{A77BCA3F-DA56-4214-A0B7-88E4ACF097A8}.Debug|x64.Build.0 = Debug|x64
		{A77BCA3F-DA56-4214-A0B7-88E4ACF097A8}.Release|Win32.ActiveCfg = Release|Win32
		{A77BCA3F-DA56-4214-A0B7-88E4ACF097A8}.Release|Win32.Build.0 = Release|Win32
		{A77BCA3F-DA56-4214-A0B7-88E4ACF097A8}.Release|x64.ActiveCfg = Release|x64
		{A77BCA3F-DA56-4214-A0B7-88E4ACF097A8}.Release|x64.Build.0 = Release|x64
	EndGlobalSection
	GlobalSection(SolutionProperties) = preSolution
		HideSolutionNode = FALSE
	EndGlobalSection
EndGlobal
